
Microsoft Visual Studio Solution File, Format Version 11.00
# Visual Studio 2010
Project("{FAE04EC0-301F-11D3-BF4B-00C04F79EFBC}") = "CoreImplementation", "CLI\CoreImplementation.csproj", "{6D090295-A071-4E02-A910-C34CAC6B5023}"
EndProject
Project("{FAE04EC0-301F-11D3-BF4B-00C04F79EFBC}") = "Core", "Core\Core.csproj", "{DBD88EE3-D950-4A0C-9A29-660D1B0AA14A}"
EndProject
Project("{FAE04EC0-301F-11D3-BF4B-00C04F79EFBC}") = "GUI", "GUI\GUI.csproj", "{0CC496AF-A8AF-40FD-918F-5594163B6430}"
EndProject
Global
	GlobalSection(SolutionConfigurationPlatforms) = preSolution
		Debug|Any CPU = Debug|Any CPU
		Debug|Mixed Platforms = Debug|Mixed Platforms
		Debug|x86 = Debug|x86
		Release|Any CPU = Release|Any CPU
		Release|Mixed Platforms = Release|Mixed Platforms
		Release|x86 = Release|x86
	EndGlobalSection
	GlobalSection(ProjectConfigurationPlatforms) = postSolution
		{0CC496AF-A8AF-40FD-918F-5594163B6430}.Debug|Any CPU.ActiveCfg = Debug|x86
		{0CC496AF-A8AF-40FD-918F-5594163B6430}.Debug|Mixed Platforms.ActiveCfg = Debug|x86
		{0CC496AF-A8AF-40FD-918F-5594163B6430}.Debug|Mixed Platforms.Build.0 = Debug|x86
		{0CC496AF-A8AF-40FD-918F-5594163B6430}.Debug|x86.ActiveCfg = Debug|x86
		{0CC496AF-A8AF-40FD-918F-5594163B6430}.Debug|x86.Build.0 = Debug|x86
		{0CC496AF-A8AF-40FD-918F-5594163B6430}.Release|Any CPU.ActiveCfg = Release|x86
		{0CC496AF-A8AF-40FD-918F-5594163B6430}.Release|Mixed Platforms.ActiveCfg = Release|x86
		{0CC496AF-A8AF-40FD-918F-5594163B6430}.Release|Mixed Platforms.Build.0 = Release|x86
		{0CC496AF-A8AF-40FD-918F-5594163B6430}.Release|x86.ActiveCfg = Release|x86
		{0CC496AF-A8AF-40FD-918F-5594163B6430}.Release|x86.Build.0 = Release|x86
		{6D090295-A071-4E02-A910-C34CAC6B5023}.Debug|Any CPU.ActiveCfg = Debug|x86
		{6D090295-A071-4E02-A910-C34CAC6B5023}.Debug|Any CPU.Build.0 = Debug|x86
		{6D090295-A071-4E02-A910-C34CAC6B5023}.Debug|Mixed Platforms.ActiveCfg = Debug|x86
		{6D090295-A071-4E02-A910-C34CAC6B5023}.Debug|Mixed Platforms.Build.0 = Debug|x86
		{6D090295-A071-4E02-A910-C34CAC6B5023}.Debug|x86.ActiveCfg = Debug|x86
		{6D090295-A071-4E02-A910-C34CAC6B5023}.Debug|x86.Build.0 = Debug|x86
		{6D090295-A071-4E02-A910-C34CAC6B5023}.Release|Any CPU.ActiveCfg = Release|x86
		{6D090295-A071-4E02-A910-C34CAC6B5023}.Release|Mixed Platforms.ActiveCfg = Release|x86
		{6D090295-A071-4E02-A910-C34CAC6B5023}.Release|Mixed Platforms.Build.0 = Release|x86
		{6D090295-A071-4E02-A910-C34CAC6B5023}.Release|x86.ActiveCfg = Release|x86
		{6D090295-A071-4E02-A910-C34CAC6B5023}.Release|x86.Build.0 = Release|x86
		{DBD88EE3-D950-4A0C-9A29-660D1B0AA14A}.Debug|Any CPU.ActiveCfg = Debug|Any CPU
		{DBD88EE3-D950-4A0C-9A29-660D1B0AA14A}.Debug|Any CPU.Build.0 = Debug|Any CPU
		{DBD88EE3-D950-4A0C-9A29-660D1B0AA14A}.Debug|Mixed Platforms.ActiveCfg = Debug|Any CPU
		{DBD88EE3-D950-4A0C-9A29-660D1B0AA14A}.Debug|Mixed Platforms.Build.0 = Debug|Any CPU
		{DBD88EE3-D950-4A0C-9A29-660D1B0AA14A}.Debug|x86.ActiveCfg = Debug|Any CPU
		{DBD88EE3-D950-4A0C-9A29-660D1B0AA14A}.Debug|x86.Build.0 = Debug|Any CPU
		{DBD88EE3-D950-4A0C-9A29-660D1B0AA14A}.Release|Any CPU.ActiveCfg = Release|Any CPU
		{DBD88EE3-D950-4A0C-9A29-660D1B0AA14A}.Release|Any CPU.Build.0 = Release|Any CPU
		{DBD88EE3-D950-4A0C-9A29-660D1B0AA14A}.Release|Mixed Platforms.ActiveCfg = Release|Any CPU
		{DBD88EE3-D950-4A0C-9A29-660D1B0AA14A}.Release|Mixed Platforms.Build.0 = Release|Any CPU
		{DBD88EE3-D950-4A0C-9A29-660D1B0AA14A}.Release|x86.ActiveCfg = Release|Any CPU
	EndGlobalSection
	GlobalSection(MonoDevelopProperties) = preSolution
		StartupItem = CLI\CoreImplementation.csproj
	EndGlobalSection
	GlobalSection(SolutionProperties) = preSolution
		HideSolutionNode = FALSE
	EndGlobalSection
EndGlobal
